
Microsoft Visual Studio Solution File, Format Version 12.00
# Visual Studio Version 17
VisualStudioVersion = 17.9.34728.123
MinimumVisualStudioVersion = 10.0.40219.1
Project("{9A19103F-16F7-4668-BE54-9A1E7A4F7556}") = "Server", "Server\Server.csproj", "{02549995-872F-4A9D-9614-6633926C81B4}"
EndProject
Project("{9A19103F-16F7-4668-BE54-9A1E7A4F7556}") = "ServerCore", "ServerCore\ServerCore.csproj", "{33772117-5DED-4D88-A05C-386F8DF68E67}"
EndProject
Project("{9A19103F-16F7-4668-BE54-9A1E7A4F7556}") = "DummyClient", "DummyClient\DummyClient.csproj", "{BD8C9501-B139-4FB6-A423-FEF44CB17C80}"
EndProject
Project("{FAE04EC0-301F-11D3-BF4B-00C04F79EFBC}") = "PacketGenerator", "PacketGenerator\PacketGenerator.csproj", "{86D0F675-99BC-40A0-A341-4B33C3C49456}"
EndProject
Project("{2150E333-8FDC-42A3-9474-1A3956D46DE8}") = "Tools", "Tools", "{9760FBBE-1A38-4B6B-8BFD-789728DCDB0D}"
EndProject
Global
	GlobalSection(SolutionConfigurationPlatforms) = preSolution
		Debug|Any CPU = Debug|Any CPU
		Release|Any CPU = Release|Any CPU
	EndGlobalSection
	GlobalSection(ProjectConfigurationPlatforms) = postSolution
		{02549995-872F-4A9D-9614-6633926C81B4}.Debug|Any CPU.ActiveCfg = Debug|Any CPU
		{02549995-872F-4A9D-9614-6633926C81B4}.Debug|Any CPU.Build.0 = Debug|Any CPU
		{02549995-872F-4A9D-9614-6633926C81B4}.Release|Any CPU.ActiveCfg = Release|Any CPU
		{02549995-872F-4A9D-9614-6633926C81B4}.Release|Any CPU.Build.0 = Release|Any CPU
		{33772117-5DED-4D88-A05C-386F8DF68E67}.Debug|Any CPU.ActiveCfg = Debug|Any CPU
		{33772117-5DED-4D88-A05C-386F8DF68E67}.Debug|Any CPU.Build.0 = Debug|Any CPU
		{33772117-5DED-4D88-A05C-386F8DF68E67}.Release|Any CPU.ActiveCfg = Release|Any CPU
		{33772117-5DED-4D88-A05C-386F8DF68E67}.Release|Any CPU.Build.0 = Release|Any CPU
		{BD8C9501-B139-4FB6-A423-FEF44CB17C80}.Debug|Any CPU.ActiveCfg = Debug|Any CPU
		{BD8C9501-B139-4FB6-A423-FEF44CB17C80}.Debug|Any CPU.Build.0 = Debug|Any CPU
		{BD8C9501-B139-4FB6-A423-FEF44CB17C80}.Release|Any CPU.ActiveCfg = Release|Any CPU
		{BD8C9501-B139-4FB6-A423-FEF44CB17C80}.Release|Any CPU.Build.0 = Release|Any CPU
		{86D0F675-99BC-40A0-A341-4B33C3C49456}.Debug|Any CPU.ActiveCfg = Debug|Any CPU
		{86D0F675-99BC-40A0-A341-4B33C3C49456}.Debug|Any CPU.Build.0 = Debug|Any CPU
		{86D0F675-99BC-40A0-A341-4B33C3C49456}.Release|Any CPU.ActiveCfg = Release|Any CPU
		{86D0F675-99BC-40A0-A341-4B33C3C49456}.Release|Any CPU.Build.0 = Release|Any CPU
	EndGlobalSection
	GlobalSection(SolutionProperties) = preSolution
		HideSolutionNode = FALSE
	EndGlobalSection
	GlobalSection(NestedProjects) = preSolution
		{86D0F675-99BC-40A0-A341-4B33C3C49456} = {9760FBBE-1A38-4B6B-8BFD-789728DCDB0D}
	EndGlobalSection
	GlobalSection(ExtensibilityGlobals) = postSolution
		SolutionGuid = {41266664-E765-47F5-A0E5-97A10021DD27}
	EndGlobalSection
EndGlobal
